# THIS IS AN AUTOGENERATED FILE. DO NOT EDIT THIS FILE DIRECTLY.
# yarn lockfile v1


commander@^2.11.0:
  version "2.11.0"
  resolved "https://registry.yarnpkg.com/commander/-/commander-2.11.0.tgz#157152fd1e7a6c8d98a5b715cf376df928004563"

pngjs@^3.3.1:
  version "3.3.1"
  resolved "https://registry.yarnpkg.com/pngjs/-/pngjs-3.3.1.tgz#8e14e6679ee7424b544334c3b2d21cea6d8c209a"
